
Microsoft Visual Studio Solution File, Format Version 12.00
# Visual Studio 15
VisualStudioVersion = 15.0.27004.2010
MinimumVisualStudioVersion = 10.0.40219.1
Project("{2150E333-8FDC-42A3-9474-1A3956D46DE8}") = "Server", "Server", "{4B05E8AA-6DAC-4824-8838-5FECC4F18862}"
EndProject
Project("{2150E333-8FDC-42A3-9474-1A3956D46DE8}") = "Mobile", "Mobile", "{087E2093-ED7D-4495-B385-2646EA61A30C}"
EndProject
Project("{FAE04EC0-301F-11D3-BF4B-00C04F79EFBC}") = "SafeCloud.Droid", "Mobile\SafeCloud.Droid\SafeCloud.Droid.csproj", "{2F6E3A13-3A75-4A05-9208-5C9A95995D6C}"
EndProject
Project("{FAE04EC0-301F-11D3-BF4B-00C04F79EFBC}") = "SafeCloud.IOS", "Mobile\SafeCloud.IOS\SafeCloud.IOS.csproj", "{262505C5-F231-4EFE-AB08-3673823380F0}"
EndProject
Project("{FAE04EC0-301F-11D3-BF4B-00C04F79EFBC}") = "SafeCloud.DAL", "Server\PrivateGallery.DAL\SafeCloud.DAL.csproj", "{B495EE0C-DA15-4685-B3E7-0BF8C4849E04}"
EndProject
Project("{FAE04EC0-301F-11D3-BF4B-00C04F79EFBC}") = "SafeCloud.Common", "Server\PrivateGalleryCommon\SafeCloud.Common.csproj", "{1C9954EC-D172-4292-B9A6-DD9E5A643040}"
EndProject
Project("{FAE04EC0-301F-11D3-BF4B-00C04F79EFBC}") = "SafeCloud.Web", "Server\SafeCloud.Web\SafeCloud.Web.csproj", "{A1D9E684-F4D7-4F10-BDF9-67F5940D5D02}"
EndProject
Global
	GlobalSection(SolutionConfigurationPlatforms) = preSolution
		Debug|Any CPU = Debug|Any CPU
		Debug|iPhone = Debug|iPhone
		Debug|iPhoneSimulator = Debug|iPhoneSimulator
		Release|Any CPU = Release|Any CPU
		Release|iPhone = Release|iPhone
		Release|iPhoneSimulator = Release|iPhoneSimulator
	EndGlobalSection
	GlobalSection(ProjectConfigurationPlatforms) = postSolution
		{2F6E3A13-3A75-4A05-9208-5C9A95995D6C}.Debug|Any CPU.ActiveCfg = Debug|Any CPU
		{2F6E3A13-3A75-4A05-9208-5C9A95995D6C}.Debug|Any CPU.Build.0 = Debug|Any CPU
		{2F6E3A13-3A75-4A05-9208-5C9A95995D6C}.Debug|Any CPU.Deploy.0 = Debug|Any CPU
		{2F6E3A13-3A75-4A05-9208-5C9A95995D6C}.Debug|iPhone.ActiveCfg = Debug|Any CPU
		{2F6E3A13-3A75-4A05-9208-5C9A95995D6C}.Debug|iPhone.Build.0 = Debug|Any CPU
		{2F6E3A13-3A75-4A05-9208-5C9A95995D6C}.Debug|iPhoneSimulator.ActiveCfg = Debug|Any CPU
		{2F6E3A13-3A75-4A05-9208-5C9A95995D6C}.Debug|iPhoneSimulator.Build.0 = Debug|Any CPU
		{2F6E3A13-3A75-4A05-9208-5C9A95995D6C}.Release|Any CPU.ActiveCfg = Release|Any CPU
		{2F6E3A13-3A75-4A05-9208-5C9A95995D6C}.Release|Any CPU.Build.0 = Release|Any CPU
		{2F6E3A13-3A75-4A05-9208-5C9A95995D6C}.Release|Any CPU.Deploy.0 = Release|Any CPU
		{2F6E3A13-3A75-4A05-9208-5C9A95995D6C}.Release|iPhone.ActiveCfg = Release|Any CPU
		{2F6E3A13-3A75-4A05-9208-5C9A95995D6C}.Release|iPhone.Build.0 = Release|Any CPU
		{2F6E3A13-3A75-4A05-9208-5C9A95995D6C}.Release|iPhoneSimulator.ActiveCfg = Release|Any CPU
		{2F6E3A13-3A75-4A05-9208-5C9A95995D6C}.Release|iPhoneSimulator.Build.0 = Release|Any CPU
		{262505C5-F231-4EFE-AB08-3673823380F0}.Debug|Any CPU.ActiveCfg = Debug|iPhoneSimulator
		{262505C5-F231-4EFE-AB08-3673823380F0}.Debug|Any CPU.Build.0 = Debug|iPhoneSimulator
		{262505C5-F231-4EFE-AB08-3673823380F0}.Debug|iPhone.ActiveCfg = Debug|iPhone
		{262505C5-F231-4EFE-AB08-3673823380F0}.Debug|iPhone.Build.0 = Debug|iPhone
		{262505C5-F231-4EFE-AB08-3673823380F0}.Debug|iPhoneSimulator.ActiveCfg = Debug|iPhoneSimulator
		{262505C5-F231-4EFE-AB08-3673823380F0}.Debug|iPhoneSimulator.Build.0 = Debug|iPhoneSimulator
		{262505C5-F231-4EFE-AB08-3673823380F0}.Release|Any CPU.ActiveCfg = Release|iPhone
		{262505C5-F231-4EFE-AB08-3673823380F0}.Release|Any CPU.Build.0 = Release|iPhone
		{262505C5-F231-4EFE-AB08-3673823380F0}.Release|iPhone.ActiveCfg = Release|iPhone
		{262505C5-F231-4EFE-AB08-3673823380F0}.Release|iPhone.Build.0 = Release|iPhone
		{262505C5-F231-4EFE-AB08-3673823380F0}.Release|iPhoneSimulator.ActiveCfg = Release|iPhoneSimulator
		{262505C5-F231-4EFE-AB08-3673823380F0}.Release|iPhoneSimulator.Build.0 = Release|iPhoneSimulator
		{B495EE0C-DA15-4685-B3E7-0BF8C4849E04}.Debug|Any CPU.ActiveCfg = Debug|Any CPU
		{B495EE0C-DA15-4685-B3E7-0BF8C4849E04}.Debug|Any CPU.Build.0 = Debug|Any CPU
		{B495EE0C-DA15-4685-B3E7-0BF8C4849E04}.Debug|iPhone.ActiveCfg = Debug|Any CPU
		{B495EE0C-DA15-4685-B3E7-0BF8C4849E04}.Debug|iPhone.Build.0 = Debug|Any CPU
		{B495EE0C-DA15-4685-B3E7-0BF8C4849E04}.Debug|iPhoneSimulator.ActiveCfg = Debug|Any CPU
		{B495EE0C-DA15-4685-B3E7-0BF8C4849E04}.Debug|iPhoneSimulator.Build.0 = Debug|Any CPU
		{B495EE0C-DA15-4685-B3E7-0BF8C4849E04}.Release|Any CPU.ActiveCfg = Release|Any CPU
		{B495EE0C-DA15-4685-B3E7-0BF8C4849E04}.Release|Any CPU.Build.0 = Release|Any CPU
		{B495EE0C-DA15-4685-B3E7-0BF8C4849E04}.Release|iPhone.ActiveCfg = Release|Any CPU
		{B495EE0C-DA15-4685-B3E7-0BF8C4849E04}.Release|iPhone.Build.0 = Release|Any CPU
		{B495EE0C-DA15-4685-B3E7-0BF8C4849E04}.Release|iPhoneSimulator.ActiveCfg = Release|Any CPU
		{B495EE0C-DA15-4685-B3E7-0BF8C4849E04}.Release|iPhoneSimulator.Build.0 = Release|Any CPU
		{1C9954EC-D172-4292-B9A6-DD9E5A643040}.Debug|Any CPU.ActiveCfg = Debug|Any CPU
		{1C9954EC-D172-4292-B9A6-DD9E5A643040}.Debug|Any CPU.Build.0 = Debug|Any CPU
		{1C9954EC-D172-4292-B9A6-DD9E5A643040}.Debug|iPhone.ActiveCfg = Debug|Any CPU
		{1C9954EC-D172-4292-B9A6-DD9E5A643040}.Debug|iPhone.Build.0 = Debug|Any CPU
		{1C9954EC-D172-4292-B9A6-DD9E5A643040}.Debug|iPhoneSimulator.ActiveCfg = Debug|Any CPU
		{1C9954EC-D172-4292-B9A6-DD9E5A643040}.Debug|iPhoneSimulator.Build.0 = Debug|Any CPU
		{1C9954EC-D172-4292-B9A6-DD9E5A643040}.Release|Any CPU.ActiveCfg = Release|Any CPU
		{1C9954EC-D172-4292-B9A6-DD9E5A643040}.Release|Any CPU.Build.0 = Release|Any CPU
		{1C9954EC-D172-4292-B9A6-DD9E5A643040}.Release|iPhone.ActiveCfg = Release|Any CPU
		{1C9954EC-D172-4292-B9A6-DD9E5A643040}.Release|iPhone.Build.0 = Release|Any CPU
		{1C9954EC-D172-4292-B9A6-DD9E5A643040}.Release|iPhoneSimulator.ActiveCfg = Release|Any CPU
		{1C9954EC-D172-4292-B9A6-DD9E5A643040}.Release|iPhoneSimulator.Build.0 = Release|Any CPU
		{A1D9E684-F4D7-4F10-BDF9-67F5940D5D02}.Debug|Any CPU.ActiveCfg = Debug|Any CPU
		{A1D9E684-F4D7-4F10-BDF9-67F5940D5D02}.Debug|Any CPU.Build.0 = Debug|Any CPU
		{A1D9E684-F4D7-4F10-BDF9-67F5940D5D02}.Debug|iPhone.ActiveCfg = Debug|Any CPU
		{A1D9E684-F4D7-4F10-BDF9-67F5940D5D02}.Debug|iPhone.Build.0 = Debug|Any CPU
		{A1D9E684-F4D7-4F10-BDF9-67F5940D5D02}.Debug|iPhoneSimulator.ActiveCfg = Debug|Any CPU
		{A1D9E684-F4D7-4F10-BDF9-67F5940D5D02}.Debug|iPhoneSimulator.Build.0 = Debug|Any CPU
		{A1D9E684-F4D7-4F10-BDF9-67F5940D5D02}.Release|Any CPU.ActiveCfg = Release|Any CPU
		{A1D9E684-F4D7-4F10-BDF9-67F5940D5D02}.Release|Any CPU.Build.0 = Release|Any CPU
		{A1D9E684-F4D7-4F10-BDF9-67F5940D5D02}.Release|iPhone.ActiveCfg = Release|Any CPU
		{A1D9E684-F4D7-4F10-BDF9-67F5940D5D02}.Release|iPhone.Build.0 = Release|Any CPU
		{A1D9E684-F4D7-4F10-BDF9-67F5940D5D02}.Release|iPhoneSimulator.ActiveCfg = Release|Any CPU
		{A1D9E684-F4D7-4F10-BDF9-67F5940D5D02}.Release|iPhoneSimulator.Build.0 = Release|Any CPU
	EndGlobalSection
	GlobalSection(SolutionProperties) = preSolution
		HideSolutionNode = FALSE
	EndGlobalSection
	GlobalSection(NestedProjects) = preSolution
		{2F6E3A13-3A75-4A05-9208-5C9A95995D6C} = {087E2093-ED7D-4495-B385-2646EA61A30C}
		{262505C5-F231-4EFE-AB08-3673823380F0} = {087E2093-ED7D-4495-B385-2646EA61A30C}
		{B495EE0C-DA15-4685-B3E7-0BF8C4849E04} = {4B05E8AA-6DAC-4824-8838-5FECC4F18862}
		{1C9954EC-D172-4292-B9A6-DD9E5A643040} = {4B05E8AA-6DAC-4824-8838-5FECC4F18862}
		{A1D9E684-F4D7-4F10-BDF9-67F5940D5D02} = {4B05E8AA-6DAC-4824-8838-5FECC4F18862}
	EndGlobalSection
	GlobalSection(ExtensibilityGlobals) = postSolution
		SolutionGuid = {AA82746D-8146-43C3-82F1-7A8D284A1643}
	EndGlobalSection
EndGlobal
